
Microsoft Visual Studio Solution File, Format Version 12.00
# Visual Studio Version 18
VisualStudioVersion = 18.3.11520.95 d18.3
MinimumVisualStudioVersion = 10.0.40219.1
Project("{2150E333-8FDC-42A3-9474-1A3956D46DE8}") = "Solution Items", "Solution Items", "{F6AB18B4-9B19-42ED-9FF6-A6FC9DD545FA}"
	ProjectSection(SolutionItems) = preProject
		.gitignore = .gitignore
		README.md = README.md
	EndProjectSection
EndProject
Project("{FAE04EC0-301F-11D3-BF4B-00C04F79EFBC}") = "SkyEditor.NdsToolkit", "SkyEditor.NdsToolkit\SkyEditor.NdsToolkit.csproj", "{D2F2DC02-D8B1-81CD-5731-7277B18D5EE2}"
EndProject
Project("{FAE04EC0-301F-11D3-BF4B-00C04F79EFBC}") = "SkyEditor.NdsToolkit.Tests", "SkyEditor.NdsToolkit.Tests\SkyEditor.NdsToolkit.Tests.csproj", "{479B2157-05FA-9775-EF0C-E0F36104A80B}"
EndProject
Project("{FAE04EC0-301F-11D3-BF4B-00C04F79EFBC}") = "NdsToolkitConsole", "NdsToolkitConsole\NdsToolkitConsole.csproj", "{C09D6697-A9FB-319E-8579-D8890E1887D6}"
EndProject
Global
	GlobalSection(SolutionConfigurationPlatforms) = preSolution
		Debug|Any CPU = Debug|Any CPU
		Release|Any CPU = Release|Any CPU
	EndGlobalSection
	GlobalSection(ProjectConfigurationPlatforms) = postSolution
		{D2F2DC02-D8B1-81CD-5731-7277B18D5EE2}.Debug|Any CPU.ActiveCfg = Debug|Any CPU
		{D2F2DC02-D8B1-81CD-5731-7277B18D5EE2}.Debug|Any CPU.Build.0 = Debug|Any CPU
		{D2F2DC02-D8B1-81CD-5731-7277B18D5EE2}.Release|Any CPU.ActiveCfg = Release|Any CPU
		{D2F2DC02-D8B1-81CD-5731-7277B18D5EE2}.Release|Any CPU.Build.0 = Release|Any CPU
		{479B2157-05FA-9775-EF0C-E0F36104A80B}.Debug|Any CPU.ActiveCfg = Debug|Any CPU
		{479B2157-05FA-9775-EF0C-E0F36104A80B}.Debug|Any CPU.Build.0 = Debug|Any CPU
		{479B2157-05FA-9775-EF0C-E0F36104A80B}.Release|Any CPU.ActiveCfg = Release|Any CPU
		{479B2157-05FA-9775-EF0C-E0F36104A80B}.Release|Any CPU.Build.0 = Release|Any CPU
		{C09D6697-A9FB-319E-8579-D8890E1887D6}.Debug|Any CPU.ActiveCfg = Debug|Any CPU
		{C09D6697-A9FB-319E-8579-D8890E1887D6}.Debug|Any CPU.Build.0 = Debug|Any CPU
		{C09D6697-A9FB-319E-8579-D8890E1887D6}.Release|Any CPU.ActiveCfg = Release|Any CPU
		{C09D6697-A9FB-319E-8579-D8890E1887D6}.Release|Any CPU.Build.0 = Release|Any CPU
	EndGlobalSection
	GlobalSection(SolutionProperties) = preSolution
		HideSolutionNode = FALSE
	EndGlobalSection
	GlobalSection(ExtensibilityGlobals) = postSolution
		SolutionGuid = {EE733D12-0648-4EDD-95B1-EE676103E884}
	EndGlobalSection
EndGlobal
